
Microsoft Visual Studio Solution File, Format Version 12.00
# Visual Studio 15
VisualStudioVersion = 15.0.27703.2026
MinimumVisualStudioVersion = 10.0.40219.1
Project("{FAE04EC0-301F-11D3-BF4B-00C04F79EFBC}") = "NLogTest", "NLogTest\NLogTest.csproj", "{1EE2DB94-6390-4733-924D-E1D860B6A382}"
EndProject
Global
	GlobalSection(SolutionConfigurationPlatforms) = preSolution
		Debug|Any CPU = Debug|Any CPU
		Release|Any CPU = Release|Any CPU
	EndGlobalSection
	GlobalSection(ProjectConfigurationPlatforms) = postSolution
		{1EE2DB94-6390-4733-924D-E1D860B6A382}.Debug|Any CPU.ActiveCfg = Debug|Any CPU
		{1EE2DB94-6390-4733-924D-E1D860B6A382}.Debug|Any CPU.Build.0 = Debug|Any CPU
		{1EE2DB94-6390-4733-924D-E1D860B6A382}.Release|Any CPU.ActiveCfg = Release|Any CPU
		{1EE2DB94-6390-4733-924D-E1D860B6A382}.Release|Any CPU.Build.0 = Release|Any CPU
	EndGlobalSection
	GlobalSection(SolutionProperties) = preSolution
		HideSolutionNode = FALSE
	EndGlobalSection
	GlobalSection(ExtensibilityGlobals) = postSolution
		SolutionGuid = {31BDFF98-C589-4831-999B-E2F828741ED2}
	EndGlobalSection
EndGlobal
